// !$*UTF8*$!
{
	archiveVersion = 1;
	classes = {
	};
	objectVersion = 46;
	objects = {

/* Begin PBXBuildFile section */
		B410D01418802A0400C20755 /* customization.xml in Resources */ = {isa = PBXBuildFile; fileRef = B410D01318802A0400C20755 /* customization.xml */; };
		B4187AF818E595480081978D /* ViewController.xib in Resources */ = {isa = PBXBuildFile; fileRef = B4187AF718E595480081978D /* ViewController.xib */; };
		B41CADBC1884186F00A91191 /* icon1.png in Resources */ = {isa = PBXBuildFile; fileRef = B41CADBB1884186F00A91191 /* icon1.png */; };
		B41CADCF18843AFB00A91191 /* dream.jpg in Resources */ = {isa = PBXBuildFile; fileRef = B41CADCE18843AFB00A91191 /* dream.jpg */; };
		B41D88AD186D8791005A292A /* thunder.jpg in Resources */ = {isa = PBXBuildFile; fileRef = B41D88AC186D8791005A292A /* thunder.jpg */; };
		B429BD89186B0DF2002340BB /* libxml2.dylib in Frameworks */ = {isa = PBXBuildFile; fileRef = B429BD7B186B0D55002340BB /* libxml2.dylib */; };
		B429BD8A186B0DF8002340BB /* AVFoundation.framework in Frameworks */ = {isa = PBXBuildFile; fileRef = B429BD73186B0D26002340BB /* AVFoundation.framework */; };
		B429BD8B186B0DFF002340BB /* CFNetwork.framework in Frameworks */ = {isa = PBXBuildFile; fileRef = B429BD87186B0DAD002340BB /* CFNetwork.framework */; };
		B429BD8C186B0E05002340BB /* MessageUI.framework in Frameworks */ = {isa = PBXBuildFile; fileRef = B429BD7D186B0D5B002340BB /* MessageUI.framework */; };
		B429BD8D186B0E0D002340BB /* SystemConfiguration.framework in Frameworks */ = {isa = PBXBuildFile; fileRef = B429BD85186B0D87002340BB /* SystemConfiguration.framework */; };
		B429BD8E186B0E2B002340BB /* AudioToolbox.framework in Frameworks */ = {isa = PBXBuildFile; fileRef = B429BD75186B0D2F002340BB /* AudioToolbox.framework */; };
		B429BD8F186B0E31002340BB /* CoreMedia.framework in Frameworks */ = {isa = PBXBuildFile; fileRef = B429BD77186B0D3E002340BB /* CoreMedia.framework */; };
		B429BD90186B0E37002340BB /* CoreVideo.framework in Frameworks */ = {isa = PBXBuildFile; fileRef = B429BD79186B0D45002340BB /* CoreVideo.framework */; };
		B429BD91186B0E45002340BB /* MobileCoreServices.framework in Frameworks */ = {isa = PBXBuildFile; fileRef = B429BD7F186B0D6F002340BB /* MobileCoreServices.framework */; };
		B429BD92186B0E4B002340BB /* OpenGLES.framework in Frameworks */ = {isa = PBXBuildFile; fileRef = B429BD81186B0D75002340BB /* OpenGLES.framework */; };
		B429BD93186B0E50002340BB /* Security.framework in Frameworks */ = {isa = PBXBuildFile; fileRef = B429BD83186B0D7D002340BB /* Security.framework */; };
		B429BD94186B0EF5002340BB /* libsqlite3.dylib in Frameworks */ = {isa = PBXBuildFile; fileRef = B4F5FE051861FA6B000229A0 /* libsqlite3.dylib */; };
		B429BD96186B0F2C002340BB /* Social.framework in Frameworks */ = {isa = PBXBuildFile; fileRef = B429BD95186B0F2C002340BB /* Social.framework */; };
		B429BD98186B0F3F002340BB /* Twitter.framework in Frameworks */ = {isa = PBXBuildFile; fileRef = B429BD97186B0F3F002340BB /* Twitter.framework */; };
		B429BD9A186B0FA5002340BB /* Accounts.framework in Frameworks */ = {isa = PBXBuildFile; fileRef = B429BD99186B0FA5002340BB /* Accounts.framework */; };
		B429BD9C186B0FB5002340BB /* CoreTelephony.framework in Frameworks */ = {isa = PBXBuildFile; fileRef = B429BD9B186B0FB5002340BB /* CoreTelephony.framework */; };
		B4364CB1190A60B200748812 /* pb_icon_cart_black.png in Resources */ = {isa = PBXBuildFile; fileRef = B4364CB0190A60B200748812 /* pb_icon_cart_black.png */; };
		B43F19C4185B061000926E70 /* Foundation.framework in Frameworks */ = {isa = PBXBuildFile; fileRef = B43F19C3185B061000926E70 /* Foundation.framework */; };
		B43F19C8185B061000926E70 /* UIKit.framework in Frameworks */ = {isa = PBXBuildFile; fileRef = B43F19C7185B061000926E70 /* UIKit.framework */; };
		B43F19CE185B061000926E70 /* InfoPlist.strings in Resources */ = {isa = PBXBuildFile; fileRef = B43F19CC185B061000926E70 /* InfoPlist.strings */; };
		B43F19D0185B061000926E70 /* main.m in Sources */ = {isa = PBXBuildFile; fileRef = B43F19CF185B061000926E70 /* main.m */; };
		B43F19D4185B061000926E70 /* AppDelegate.m in Sources */ = {isa = PBXBuildFile; fileRef = B43F19D3185B061000926E70 /* AppDelegate.m */; };
		B43F19DA185B061000926E70 /* ViewController.m in Sources */ = {isa = PBXBuildFile; fileRef = B43F19D9185B061000926E70 /* ViewController.m */; };
		B43F19DC185B061000926E70 /* Images.xcassets in Resources */ = {isa = PBXBuildFile; fileRef = B43F19DB185B061000926E70 /* Images.xcassets */; };
		B43F19E3185B061000926E70 /* XCTest.framework in Frameworks */ = {isa = PBXBuildFile; fileRef = B43F19E2185B061000926E70 /* XCTest.framework */; };
		B43F19E4185B061000926E70 /* Foundation.framework in Frameworks */ = {isa = PBXBuildFile; fileRef = B43F19C3185B061000926E70 /* Foundation.framework */; };
		B43F19E5185B061000926E70 /* UIKit.framework in Frameworks */ = {isa = PBXBuildFile; fileRef = B43F19C7185B061000926E70 /* UIKit.framework */; };
		B43F19ED185B061000926E70 /* InfoPlist.strings in Resources */ = {isa = PBXBuildFile; fileRef = B43F19EB185B061000926E70 /* InfoPlist.strings */; };
		B43F19EF185B061000926E70 /* TestSDKAppTests.m in Sources */ = {isa = PBXBuildFile; fileRef = B43F19EE185B061000926E70 /* TestSDKAppTests.m */; };
		B4564E6F19411478000D3CBC /* pb_menu_a.png in Resources */ = {isa = PBXBuildFile; fileRef = B4564E6E19411478000D3CBC /* pb_menu_a.png */; };
		B460D3BF191BA7DA0067DAAE /* VCVariantsOptions.m in Sources */ = {isa = PBXBuildFile; fileRef = B460D3BD191BA7DA0067DAAE /* VCVariantsOptions.m */; };
		B460D3C0191BA7DA0067DAAE /* VCVariantsOptions.xib in Resources */ = {isa = PBXBuildFile; fileRef = B460D3BE191BA7DA0067DAAE /* VCVariantsOptions.xib */; };
		B460D3C3191BB0F90067DAAE /* VOHolder.m in Sources */ = {isa = PBXBuildFile; fileRef = B460D3C2191BB0F90067DAAE /* VOHolder.m */; };
		B464E69A190660A00033FB98 /* load.gif in Resources */ = {isa = PBXBuildFile; fileRef = B464E699190660A00033FB98 /* load.gif */; };
		B464E69C190662A80033FB98 /* mg_image_editor_info.png in Resources */ = {isa = PBXBuildFile; fileRef = B464E69B190662A80033FB98 /* mg_image_editor_info.png */; };
		B471EF3C18FE66FA00BE63FB /* mg_cart_new.png in Resources */ = {isa = PBXBuildFile; fileRef = B471EF3B18FE66FA00BE63FB /* mg_cart_new.png */; };
		B471EF3E18FE6D2200BE63FB /* mg_back_new.png in Resources */ = {isa = PBXBuildFile; fileRef = B471EF3D18FE6D2200BE63FB /* mg_back_new.png */; };
		B471EF4218FE794600BE63FB /* mg_menu.png in Resources */ = {isa = PBXBuildFile; fileRef = B471EF4118FE794600BE63FB /* mg_menu.png */; };
		B471EF4618FE7A0900BE63FB /* customization_mg.xml in Resources */ = {isa = PBXBuildFile; fileRef = B471EF4518FE7A0900BE63FB /* customization_mg.xml */; };
		B4877C0A18FFB8EB00F56D33 /* mg_double_tap_balloon.png in Resources */ = {isa = PBXBuildFile; fileRef = B4877C0918FFB8EB00F56D33 /* mg_double_tap_balloon.png */; };
		B489518E18F59A9200C38041 /* mg_camera.png in Resources */ = {isa = PBXBuildFile; fileRef = B489518D18F59A9200C38041 /* mg_camera.png */; };
		B489519418F59E7C00C38041 /* btn_products.png in Resources */ = {isa = PBXBuildFile; fileRef = B489518F18F59E7C00C38041 /* btn_products.png */; };
		B489519518F59E7C00C38041 /* btn_cart.png in Resources */ = {isa = PBXBuildFile; fileRef = B489519018F59E7C00C38041 /* btn_cart.png */; };
		B489519618F59E7C00C38041 /* btn_email_support.png in Resources */ = {isa = PBXBuildFile; fileRef = B489519118F59E7C00C38041 /* btn_email_support.png */; };
		B489519718F59E7C00C38041 /* btn_info.png in Resources */ = {isa = PBXBuildFile; fileRef = B489519218F59E7C00C38041 /* btn_info.png */; };
		B489519A18F59FEA00C38041 /* btn_camera.png in Resources */ = {isa = PBXBuildFile; fileRef = B489519918F59FEA00C38041 /* btn_camera.png */; };
		B489519C18F5A09000C38041 /* bcg.png in Resources */ = {isa = PBXBuildFile; fileRef = B489519B18F5A09000C38041 /* bcg.png */; };
		B48ADEC318E95A5200492F00 /* CoreLocation.framework in Frameworks */ = {isa = PBXBuildFile; fileRef = B48ADEC218E95A5200492F00 /* CoreLocation.framework */; };
		B492168018F2BBA0002D0EB2 /* touch.png in Resources */ = {isa = PBXBuildFile; fileRef = B492167F18F2BBA0002D0EB2 /* touch.png */; };
		B497202518F7ED330017301F /* mg_cart.png in Resources */ = {isa = PBXBuildFile; fileRef = B497202418F7ED330017301F /* mg_cart.png */; };
		B4A00DE0188947A50068A3F7 /* timess.ttf in Resources */ = {isa = PBXBuildFile; fileRef = B4A00DDF188947A50068A3F7 /* timess.ttf */; };
		B4A00DE8188947F90068A3F7 /* steelfish rg it.otf in Resources */ = {isa = PBXBuildFile; fileRef = B4A00DE5188947F90068A3F7 /* steelfish rg it.otf */; };
		B4A00DE9188947F90068A3F7 /* steelfish_outline.otf in Resources */ = {isa = PBXBuildFile; fileRef = B4A00DE6188947F90068A3F7 /* steelfish_outline.otf */; };
		B4A00DEA188947F90068A3F7 /* steelfish_rg.otf in Resources */ = {isa = PBXBuildFile; fileRef = B4A00DE7188947F90068A3F7 /* steelfish_rg.otf */; };
		B4A00DF0188948370068A3F7 /* CaviarDreams_Bold.ttf in Resources */ = {isa = PBXBuildFile; fileRef = B4A00DEC188948370068A3F7 /* CaviarDreams_Bold.ttf */; };
		B4A00DF1188948370068A3F7 /* CaviarDreams_BoldItalic.ttf in Resources */ = {isa = PBXBuildFile; fileRef = B4A00DED188948370068A3F7 /* CaviarDreams_BoldItalic.ttf */; };
		B4A00DF2188948370068A3F7 /* CaviarDreams_Italic.ttf in Resources */ = {isa = PBXBuildFile; fileRef = B4A00DEE188948370068A3F7 /* CaviarDreams_Italic.ttf */; };
		B4A00DF3188948370068A3F7 /* CaviarDreams.ttf in Resources */ = {isa = PBXBuildFile; fileRef = B4A00DEF188948370068A3F7 /* CaviarDreams.ttf */; };
		B4A00DF6188948570068A3F7 /* aubrey.ttf in Resources */ = {isa = PBXBuildFile; fileRef = B4A00DF5188948570068A3F7 /* aubrey.ttf */; };
		B4A38A891929EBC60071EBFD /* libz.1.1.3.dylib in Frameworks */ = {isa = PBXBuildFile; fileRef = B4A38A881929EBC60071EBFD /* libz.1.1.3.dylib */; };
		B4A6C0C819237E9B0029537B /* PrintIO.framework in Frameworks */ = {isa = PBXBuildFile; fileRef = B4A6C0C719237E9B0029537B /* PrintIO.framework */; };
		B4AB666F18FD83C200308389 /* mg_icon_question_mark.png in Resources */ = {isa = PBXBuildFile; fileRef = B4AB666E18FD83C200308389 /* mg_icon_question_mark.png */; };
		B4AB667118FD83C700308389 /* mg_toolbar_bcg.png in Resources */ = {isa = PBXBuildFile; fileRef = B4AB667018FD83C700308389 /* mg_toolbar_bcg.png */; };
		B4AB667318FD84E600308389 /* mg_add_photos.png in Resources */ = {isa = PBXBuildFile; fileRef = B4AB667218FD84E600308389 /* mg_add_photos.png */; };
		B4C41F7A1901061F00D6013F /* pb_cart.png in Resources */ = {isa = PBXBuildFile; fileRef = B4C41F791901061F00D6013F /* pb_cart.png */; };
		B4C41F7E1901070700D6013F /* pb_back.png in Resources */ = {isa = PBXBuildFile; fileRef = B4C41F7D1901070700D6013F /* pb_back.png */; };
		B4C41F80190109D500D6013F /* pb_menu.png in Resources */ = {isa = PBXBuildFile; fileRef = B4C41F7F190109D500D6013F /* pb_menu.png */; };
		B4C41F8619010C4100D6013F /* pb_btn_info.png in Resources */ = {isa = PBXBuildFile; fileRef = B4C41F8519010C4100D6013F /* pb_btn_info.png */; };
		B4C41F8B19010CD500D6013F /* pb_btn_email_support.png in Resources */ = {isa = PBXBuildFile; fileRef = B4C41F8719010CD500D6013F /* pb_btn_email_support.png */; };
		B4C41F8C19010CD500D6013F /* pb_btn_camera.png in Resources */ = {isa = PBXBuildFile; fileRef = B4C41F8819010CD500D6013F /* pb_btn_camera.png */; };
		B4C41F8D19010CD500D6013F /* pb_btn_products.png in Resources */ = {isa = PBXBuildFile; fileRef = B4C41F8919010CD500D6013F /* pb_btn_products.png */; };
		B4C41F8E19010CD500D6013F /* pb_btn_cart.png in Resources */ = {isa = PBXBuildFile; fileRef = B4C41F8A19010CD500D6013F /* pb_btn_cart.png */; };
		B4C41F9019010FDE00D6013F /* pb_bcg.png in Resources */ = {isa = PBXBuildFile; fileRef = B4C41F8F19010FDE00D6013F /* pb_bcg.png */; };
		B4C41F931901124900D6013F /* pb_btn_side_menu_fb_transparent.png in Resources */ = {isa = PBXBuildFile; fileRef = B4C41F911901124900D6013F /* pb_btn_side_menu_fb_transparent.png */; };
		B4C41F941901124900D6013F /* pb_btn_side_menu_instagram_transparent.png in Resources */ = {isa = PBXBuildFile; fileRef = B4C41F921901124900D6013F /* pb_btn_side_menu_instagram_transparent.png */; };
		B4C41F9919013B0B00D6013F /* btn_arrange.png in Resources */ = {isa = PBXBuildFile; fileRef = B4C41F9519013B0B00D6013F /* btn_arrange.png */; };
		B4C41F9A19013B0B00D6013F /* btn_business.png in Resources */ = {isa = PBXBuildFile; fileRef = B4C41F9619013B0B00D6013F /* btn_business.png */; };
		B4C41F9B19013B0B00D6013F /* btn_drag_drop.png in Resources */ = {isa = PBXBuildFile; fileRef = B4C41F9719013B0B00D6013F /* btn_drag_drop.png */; };
		B4C41F9C19013B0B00D6013F /* btn_home.png in Resources */ = {isa = PBXBuildFile; fileRef = B4C41F9819013B0B00D6013F /* btn_home.png */; };
		B4C41FA21901456400D6013F /* mg_camera_small@2x.png in Resources */ = {isa = PBXBuildFile; fileRef = B4C41FA11901456400D6013F /* mg_camera_small@2x.png */; };
		B4C42AF91950BFF700F1A902 /* PrintIOBundle.bundle in Resources */ = {isa = PBXBuildFile; fileRef = B4C42AF81950BFF700F1A902 /* PrintIOBundle.bundle */; };
		B4F5FE091861FAB2000229A0 /* QuartzCore.framework in Frameworks */ = {isa = PBXBuildFile; fileRef = B4F5FE071861FAA1000229A0 /* QuartzCore.framework */; };
		B4F5FE0A1861FAC5000229A0 /* QuartzCore.framework in Frameworks */ = {isa = PBXBuildFile; fileRef = B4F5FE071861FAA1000229A0 /* QuartzCore.framework */; };
		B4F5FE0B1861FAD2000229A0 /* CoreGraphics.framework in Frameworks */ = {isa = PBXBuildFile; fileRef = B43F19C5185B061000926E70 /* CoreGraphics.framework */; };
		B4F5FE0C1861FAE3000229A0 /* libsqlite3.dylib in Frameworks */ = {isa = PBXBuildFile; fileRef = B4F5FE051861FA6B000229A0 /* libsqlite3.dylib */; };
/* End PBXBuildFile section */

/* Begin PBXContainerItemProxy section */
		B43F19E6185B061000926E70 /* PBXContainerItemProxy */ = {
			isa = PBXContainerItemProxy;
			containerPortal = B43F19B8185B061000926E70 /* Project object */;
			proxyType = 1;
			remoteGlobalIDString = B43F19BF185B061000926E70;
			remoteInfo = TestSDKApp;
		};
/* End PBXContainerItemProxy section */

/* Begin PBXFileReference section */
		B40FF42F1887DA3F005B09E7 /* TestSDKApp-Info.plist */ = {isa = PBXFileReference; fileEncoding = 4; lastKnownFileType = text.plist.xml; path = "TestSDKApp-Info.plist"; sourceTree = "<group>"; };
		B410D01318802A0400C20755 /* customization.xml */ = {isa = PBXFileReference; fileEncoding = 4; lastKnownFileType = text.xml; path = customization.xml; sourceTree = "<group>"; };
		B4187AF718E595480081978D /* ViewController.xib */ = {isa = PBXFileReference; fileEncoding = 4; lastKnownFileType = file.xib; path = ViewController.xib; sourceTree = "<group>"; };
		B41CADBB1884186F00A91191 /* icon1.png */ = {isa = PBXFileReference; lastKnownFileType = image.png; path = icon1.png; sourceTree = "<group>"; };
		B41CADCE18843AFB00A91191 /* dream.jpg */ = {isa = PBXFileReference; lastKnownFileType = image.jpeg; path = dream.jpg; sourceTree = "<group>"; };
		B41D88AC186D8791005A292A /* thunder.jpg */ = {isa = PBXFileReference; lastKnownFileType = image.jpeg; path = thunder.jpg; sourceTree = "<group>"; };
		B429BD73186B0D26002340BB /* AVFoundation.framework */ = {isa = PBXFileReference; lastKnownFileType = wrapper.framework; name = AVFoundation.framework; path = System/Library/Frameworks/AVFoundation.framework; sourceTree = SDKROOT; };
		B429BD75186B0D2F002340BB /* AudioToolbox.framework */ = {isa = PBXFileReference; lastKnownFileType = wrapper.framework; name = AudioToolbox.framework; path = System/Library/Frameworks/AudioToolbox.framework; sourceTree = SDKROOT; };
		B429BD77186B0D3E002340BB /* CoreMedia.framework */ = {isa = PBXFileReference; lastKnownFileType = wrapper.framework; name = CoreMedia.framework; path = System/Library/Frameworks/CoreMedia.framework; sourceTree = SDKROOT; };
		B429BD79186B0D45002340BB /* CoreVideo.framework */ = {isa = PBXFileReference; lastKnownFileType = wrapper.framework; name = CoreVideo.framework; path = System/Library/Frameworks/CoreVideo.framework; sourceTree = SDKROOT; };
		B429BD7B186B0D55002340BB /* libxml2.dylib */ = {isa = PBXFileReference; lastKnownFileType = "compiled.mach-o.dylib"; name = libxml2.dylib; path = usr/lib/libxml2.dylib; sourceTree = SDKROOT; };
		B429BD7D186B0D5B002340BB /* MessageUI.framework */ = {isa = PBXFileReference; lastKnownFileType = wrapper.framework; name = MessageUI.framework; path = System/Library/Frameworks/MessageUI.framework; sourceTree = SDKROOT; };
		B429BD7F186B0D6F002340BB /* MobileCoreServices.framework */ = {isa = PBXFileReference; lastKnownFileType = wrapper.framework; name = MobileCoreServices.framework; path = System/Library/Frameworks/MobileCoreServices.framework; sourceTree = SDKROOT; };
		B429BD81186B0D75002340BB /* OpenGLES.framework */ = {isa = PBXFileReference; lastKnownFileType = wrapper.framework; name = OpenGLES.framework; path = System/Library/Frameworks/OpenGLES.framework; sourceTree = SDKROOT; };
		B429BD83186B0D7D002340BB /* Security.framework */ = {isa = PBXFileReference; lastKnownFileType = wrapper.framework; name = Security.framework; path = System/Library/Frameworks/Security.framework; sourceTree = SDKROOT; };
		B429BD85186B0D87002340BB /* SystemConfiguration.framework */ = {isa = PBXFileReference; lastKnownFileType = wrapper.framework; name = SystemConfiguration.framework; path = System/Library/Frameworks/SystemConfiguration.framework; sourceTree = SDKROOT; };
		B429BD87186B0DAD002340BB /* CFNetwork.framework */ = {isa = PBXFileReference; lastKnownFileType = wrapper.framework; name = CFNetwork.framework; path = System/Library/Frameworks/CFNetwork.framework; sourceTree = SDKROOT; };
		B429BD95186B0F2C002340BB /* Social.framework */ = {isa = PBXFileReference; lastKnownFileType = wrapper.framework; name = Social.framework; path = System/Library/Frameworks/Social.framework; sourceTree = SDKROOT; };
		B429BD97186B0F3F002340BB /* Twitter.framework */ = {isa = PBXFileReference; lastKnownFileType = wrapper.framework; name = Twitter.framework; path = System/Library/Frameworks/Twitter.framework; sourceTree = SDKROOT; };
		B429BD99186B0FA5002340BB /* Accounts.framework */ = {isa = PBXFileReference; lastKnownFileType = wrapper.framework; name = Accounts.framework; path = System/Library/Frameworks/Accounts.framework; sourceTree = SDKROOT; };
		B429BD9B186B0FB5002340BB /* CoreTelephony.framework */ = {isa = PBXFileReference; lastKnownFileType = wrapper.framework; name = CoreTelephony.framework; path = System/Library/Frameworks/CoreTelephony.framework; sourceTree = SDKROOT; };
		B4364CB0190A60B200748812 /* pb_icon_cart_black.png */ = {isa = PBXFileReference; lastKnownFileType = image.png; path = pb_icon_cart_black.png; sourceTree = "<group>"; };
		B43F19C0185B061000926E70 /* PrintIOSDKSample.app */ = {isa = PBXFileReference; explicitFileType = wrapper.application; includeInIndex = 0; path = PrintIOSDKSample.app; sourceTree = BUILT_PRODUCTS_DIR; };
		B43F19C3185B061000926E70 /* Foundation.framework */ = {isa = PBXFileReference; lastKnownFileType = wrapper.framework; name = Foundation.framework; path = System/Library/Frameworks/Foundation.framework; sourceTree = SDKROOT; };
		B43F19C5185B061000926E70 /* CoreGraphics.framework */ = {isa = PBXFileReference; lastKnownFileType = wrapper.framework; name = CoreGraphics.framework; path = System/Library/Frameworks/CoreGraphics.framework; sourceTree = SDKROOT; };
		B43F19C7185B061000926E70 /* UIKit.framework */ = {isa = PBXFileReference; lastKnownFileType = wrapper.framework; name = UIKit.framework; path = System/Library/Frameworks/UIKit.framework; sourceTree = SDKROOT; };
		B43F19CD185B061000926E70 /* en */ = {isa = PBXFileReference; lastKnownFileType = text.plist.strings; name = en; path = en.lproj/InfoPlist.strings; sourceTree = "<group>"; };
		B43F19CF185B061000926E70 /* main.m */ = {isa = PBXFileReference; lastKnownFileType = sourcecode.c.objc; path = main.m; sourceTree = "<group>"; };
		B43F19D1185B061000926E70 /* PrintIOSDKSample-Prefix.pch */ = {isa = PBXFileReference; lastKnownFileType = sourcecode.c.h; path = "PrintIOSDKSample-Prefix.pch"; sourceTree = "<group>"; };
		B43F19D2185B061000926E70 /* AppDelegate.h */ = {isa = PBXFileReference; lastKnownFileType = sourcecode.c.h; path = AppDelegate.h; sourceTree = "<group>"; };
		B43F19D3185B061000926E70 /* AppDelegate.m */ = {isa = PBXFileReference; lastKnownFileType = sourcecode.c.objc; path = AppDelegate.m; sourceTree = "<group>"; };
		B43F19D8185B061000926E70 /* ViewController.h */ = {isa = PBXFileReference; lastKnownFileType = sourcecode.c.h; path = ViewController.h; sourceTree = "<group>"; };
		B43F19D9185B061000926E70 /* ViewController.m */ = {isa = PBXFileReference; lastKnownFileType = sourcecode.c.objc; path = ViewController.m; sourceTree = "<group>"; };
		B43F19DB185B061000926E70 /* Images.xcassets */ = {isa = PBXFileReference; lastKnownFileType = folder.assetcatalog; path = Images.xcassets; sourceTree = "<group>"; };
		B43F19E1185B061000926E70 /* PrintIOSDKSampleTests.xctest */ = {isa = PBXFileReference; explicitFileType = wrapper.cfbundle; includeInIndex = 0; path = PrintIOSDKSampleTests.xctest; sourceTree = BUILT_PRODUCTS_DIR; };
		B43F19E2185B061000926E70 /* XCTest.framework */ = {isa = PBXFileReference; lastKnownFileType = wrapper.framework; name = XCTest.framework; path = Library/Frameworks/XCTest.framework; sourceTree = DEVELOPER_DIR; };
		B43F19EA185B061000926E70 /* PrintIOSDKSampleTests-Info.plist */ = {isa = PBXFileReference; lastKnownFileType = text.plist.xml; path = "PrintIOSDKSampleTests-Info.plist"; sourceTree = "<group>"; };
		B43F19EC185B061000926E70 /* en */ = {isa = PBXFileReference; lastKnownFileType = text.plist.strings; name = en; path = en.lproj/InfoPlist.strings; sourceTree = "<group>"; };
		B43F19EE185B061000926E70 /* TestSDKAppTests.m */ = {isa = PBXFileReference; lastKnownFileType = sourcecode.c.objc; path = TestSDKAppTests.m; sourceTree = "<group>"; };
		B4564E6E19411478000D3CBC /* pb_menu_a.png */ = {isa = PBXFileReference; lastKnownFileType = image.png; path = pb_menu_a.png; sourceTree = "<group>"; };
		B460D3BC191BA7DA0067DAAE /* VCVariantsOptions.h */ = {isa = PBXFileReference; fileEncoding = 4; lastKnownFileType = sourcecode.c.h; path = VCVariantsOptions.h; sourceTree = "<group>"; };
		B460D3BD191BA7DA0067DAAE /* VCVariantsOptions.m */ = {isa = PBXFileReference; fileEncoding = 4; lastKnownFileType = sourcecode.c.objc; path = VCVariantsOptions.m; sourceTree = "<group>"; };
		B460D3BE191BA7DA0067DAAE /* VCVariantsOptions.xib */ = {isa = PBXFileReference; fileEncoding = 4; lastKnownFileType = file.xib; path = VCVariantsOptions.xib; sourceTree = "<group>"; };
		B460D3C1191BB0F90067DAAE /* VOHolder.h */ = {isa = PBXFileReference; fileEncoding = 4; lastKnownFileType = sourcecode.c.h; path = VOHolder.h; sourceTree = "<group>"; };
		B460D3C2191BB0F90067DAAE /* VOHolder.m */ = {isa = PBXFileReference; fileEncoding = 4; lastKnownFileType = sourcecode.c.objc; path = VOHolder.m; sourceTree = "<group>"; };
		B464E699190660A00033FB98 /* load.gif */ = {isa = PBXFileReference; lastKnownFileType = image.gif; path = load.gif; sourceTree = "<group>"; };
		B464E69B190662A80033FB98 /* mg_image_editor_info.png */ = {isa = PBXFileReference; lastKnownFileType = image.png; path = mg_image_editor_info.png; sourceTree = "<group>"; };
		B471EF3B18FE66FA00BE63FB /* mg_cart_new.png */ = {isa = PBXFileReference; lastKnownFileType = image.png; path = mg_cart_new.png; sourceTree = "<group>"; };
		B471EF3D18FE6D2200BE63FB /* mg_back_new.png */ = {isa = PBXFileReference; lastKnownFileType = image.png; path = mg_back_new.png; sourceTree = "<group>"; };
		B471EF4118FE794600BE63FB /* mg_menu.png */ = {isa = PBXFileReference; lastKnownFileType = image.png; path = mg_menu.png; sourceTree = "<group>"; };
		B471EF4518FE7A0900BE63FB /* customization_mg.xml */ = {isa = PBXFileReference; fileEncoding = 4; lastKnownFileType = text.xml; path = customization_mg.xml; sourceTree = "<group>"; };
		B4877C0918FFB8EB00F56D33 /* mg_double_tap_balloon.png */ = {isa = PBXFileReference; lastKnownFileType = image.png; path = mg_double_tap_balloon.png; sourceTree = "<group>"; };
		B489518D18F59A9200C38041 /* mg_camera.png */ = {isa = PBXFileReference; lastKnownFileType = image.png; path = mg_camera.png; sourceTree = "<group>"; };
		B489518F18F59E7C00C38041 /* btn_products.png */ = {isa = PBXFileReference; lastKnownFileType = image.png; path = btn_products.png; sourceTree = "<group>"; };
		B489519018F59E7C00C38041 /* btn_cart.png */ = {isa = PBXFileReference; lastKnownFileType = image.png; path = btn_cart.png; sourceTree = "<group>"; };
		B489519118F59E7C00C38041 /* btn_email_support.png */ = {isa = PBXFileReference; lastKnownFileType = image.png; path = btn_email_support.png; sourceTree = "<group>"; };
		B489519218F59E7C00C38041 /* btn_info.png */ = {isa = PBXFileReference; lastKnownFileType = image.png; path = btn_info.png; sourceTree = "<group>"; };
		B489519918F59FEA00C38041 /* btn_camera.png */ = {isa = PBXFileReference; lastKnownFileType = image.png; path = btn_camera.png; sourceTree = "<group>"; };
		B489519B18F5A09000C38041 /* bcg.png */ = {isa = PBXFileReference; lastKnownFileType = image.png; path = bcg.png; sourceTree = "<group>"; };
		B48ADEC218E95A5200492F00 /* CoreLocation.framework */ = {isa = PBXFileReference; lastKnownFileType = wrapper.framework; name = CoreLocation.framework; path = System/Library/Frameworks/CoreLocation.framework; sourceTree = SDKROOT; };
		B492167F18F2BBA0002D0EB2 /* touch.png */ = {isa = PBXFileReference; lastKnownFileType = image.png; path = touch.png; sourceTree = "<group>"; };
		B497202418F7ED330017301F /* mg_cart.png */ = {isa = PBXFileReference; lastKnownFileType = image.png; path = mg_cart.png; sourceTree = "<group>"; };
		B4A00DDF188947A50068A3F7 /* timess.ttf */ = {isa = PBXFileReference; lastKnownFileType = file; path = timess.ttf; sourceTree = "<group>"; };
		B4A00DE5188947F90068A3F7 /* steelfish rg it.otf */ = {isa = PBXFileReference; lastKnownFileType = file; path = "steelfish rg it.otf"; sourceTree = "<group>"; };
		B4A00DE6188947F90068A3F7 /* steelfish_outline.otf */ = {isa = PBXFileReference; lastKnownFileType = file; path = steelfish_outline.otf; sourceTree = "<group>"; };
		B4A00DE7188947F90068A3F7 /* steelfish_rg.otf */ = {isa = PBXFileReference; lastKnownFileType = file; path = steelfish_rg.otf; sourceTree = "<group>"; };
		B4A00DEC188948370068A3F7 /* CaviarDreams_Bold.ttf */ = {isa = PBXFileReference; lastKnownFileType = file; path = CaviarDreams_Bold.ttf; sourceTree = "<group>"; };
		B4A00DED188948370068A3F7 /* CaviarDreams_BoldItalic.ttf */ = {isa = PBXFileReference; lastKnownFileType = file; path = CaviarDreams_BoldItalic.ttf; sourceTree = "<group>"; };
		B4A00DEE188948370068A3F7 /* CaviarDreams_Italic.ttf */ = {isa = PBXFileReference; lastKnownFileType = file; path = CaviarDreams_Italic.ttf; sourceTree = "<group>"; };
		B4A00DEF188948370068A3F7 /* CaviarDreams.ttf */ = {isa = PBXFileReference; lastKnownFileType = file; path = CaviarDreams.ttf; sourceTree = "<group>"; };
		B4A00DF5188948570068A3F7 /* aubrey.ttf */ = {isa = PBXFileReference; lastKnownFileType = file; path = aubrey.ttf; sourceTree = "<group>"; };
		B4A38A881929EBC60071EBFD /* libz.1.1.3.dylib */ = {isa = PBXFileReference; lastKnownFileType = "compiled.mach-o.dylib"; name = libz.1.1.3.dylib; path = usr/lib/libz.1.1.3.dylib; sourceTree = SDKROOT; };
		B4A6C0C719237E9B0029537B /* PrintIO.framework */ = {isa = PBXFileReference; lastKnownFileType = wrapper.framework; name = PrintIO.framework; path = "../../../Library/Developer/Xcode/DerivedData/PrintIO-elstajyiekgquyglzsjuocsjiadk/Build/Intermediates/ArchiveIntermediates/PrintIO/IntermediateBuildFilesPath/UninstalledProducts/PrintIO.framework"; sourceTree = "<group>"; };
		B4AB666E18FD83C200308389 /* mg_icon_question_mark.png */ = {isa = PBXFileReference; lastKnownFileType = image.png; path = mg_icon_question_mark.png; sourceTree = "<group>"; };
		B4AB667018FD83C700308389 /* mg_toolbar_bcg.png */ = {isa = PBXFileReference; lastKnownFileType = image.png; path = mg_toolbar_bcg.png; sourceTree = "<group>"; };
		B4AB667218FD84E600308389 /* mg_add_photos.png */ = {isa = PBXFileReference; lastKnownFileType = image.png; path = mg_add_photos.png; sourceTree = "<group>"; };
		B4C41F791901061F00D6013F /* pb_cart.png */ = {isa = PBXFileReference; lastKnownFileType = image.png; path = pb_cart.png; sourceTree = "<group>"; };
		B4C41F7D1901070700D6013F /* pb_back.png */ = {isa = PBXFileReference; lastKnownFileType = image.png; path = pb_back.png; sourceTree = "<group>"; };
		B4C41F7F190109D500D6013F /* pb_menu.png */ = {isa = PBXFileReference; lastKnownFileType = image.png; path = pb_menu.png; sourceTree = "<group>"; };
		B4C41F8519010C4100D6013F /* pb_btn_info.png */ = {isa = PBXFileReference; lastKnownFileType = image.png; path = pb_btn_info.png; sourceTree = "<group>"; };
		B4C41F8719010CD500D6013F /* pb_btn_email_support.png */ = {isa = PBXFileReference; lastKnownFileType = image.png; path = pb_btn_email_support.png; sourceTree = "<group>"; };
		B4C41F8819010CD500D6013F /* pb_btn_camera.png */ = {isa = PBXFileReference; lastKnownFileType = image.png; path = pb_btn_camera.png; sourceTree = "<group>"; };
		B4C41F8919010CD500D6013F /* pb_btn_products.png */ = {isa = PBXFileReference; lastKnownFileType = image.png; path = pb_btn_products.png; sourceTree = "<group>"; };
		B4C41F8A19010CD500D6013F /* pb_btn_cart.png */ = {isa = PBXFileReference; lastKnownFileType = image.png; path = pb_btn_cart.png; sourceTree = "<group>"; };
		B4C41F8F19010FDE00D6013F /* pb_bcg.png */ = {isa = PBXFileReference; lastKnownFileType = image.png; path = pb_bcg.png; sourceTree = "<group>"; };
		B4C41F911901124900D6013F /* pb_btn_side_menu_fb_transparent.png */ = {isa = PBXFileReference; lastKnownFileType = image.png; path = pb_btn_side_menu_fb_transparent.png; sourceTree = "<group>"; };
		B4C41F921901124900D6013F /* pb_btn_side_menu_instagram_transparent.png */ = {isa = PBXFileReference; lastKnownFileType = image.png; path = pb_btn_side_menu_instagram_transparent.png; sourceTree = "<group>"; };
		B4C41F9519013B0B00D6013F /* btn_arrange.png */ = {isa = PBXFileReference; lastKnownFileType = image.png; path = btn_arrange.png; sourceTree = "<group>"; };
		B4C41F9619013B0B00D6013F /* btn_business.png */ = {isa = PBXFileReference; lastKnownFileType = image.png; path = btn_business.png; sourceTree = "<group>"; };
		B4C41F9719013B0B00D6013F /* btn_drag_drop.png */ = {isa = PBXFileReference; lastKnownFileType = image.png; path = btn_drag_drop.png; sourceTree = "<group>"; };
		B4C41F9819013B0B00D6013F /* btn_home.png */ = {isa = PBXFileReference; lastKnownFileType = image.png; path = btn_home.png; sourceTree = "<group>"; };
		B4C41FA11901456400D6013F /* mg_camera_small@2x.png */ = {isa = PBXFileReference; lastKnownFileType = image.png; path = "mg_camera_small@2x.png"; sourceTree = "<group>"; };
		B4C42AF81950BFF700F1A902 /* PrintIOBundle.bundle */ = {isa = PBXFileReference; lastKnownFileType = "wrapper.plug-in"; name = PrintIOBundle.bundle; path = "../../PrintIOApp 6-17-14, 8.17 PM/Library/Bundles/PrintIOBundle.bundle"; sourceTree = "<group>"; };
		B4F5FE051861FA6B000229A0 /* libsqlite3.dylib */ = {isa = PBXFileReference; lastKnownFileType = "compiled.mach-o.dylib"; name = libsqlite3.dylib; path = usr/lib/libsqlite3.dylib; sourceTree = SDKROOT; };
		B4F5FE071861FAA1000229A0 /* QuartzCore.framework */ = {isa = PBXFileReference; lastKnownFileType = wrapper.framework; name = QuartzCore.framework; path = System/Library/Frameworks/QuartzCore.framework; sourceTree = SDKROOT; };
/* End PBXFileReference section */

/* Begin PBXFrameworksBuildPhase section */
		B43F19BD185B061000926E70 /* Frameworks */ = {
			isa = PBXFrameworksBuildPhase;
			buildActionMask = 2147483647;
			files = (
				B48ADEC318E95A5200492F00 /* CoreLocation.framework in Frameworks */,
				B4A38A891929EBC60071EBFD /* libz.1.1.3.dylib in Frameworks */,
				B429BD9A186B0FA5002340BB /* Accounts.framework in Frameworks */,
				B429BD8A186B0DF8002340BB /* AVFoundation.framework in Frameworks */,
				B429BD8E186B0E2B002340BB /* AudioToolbox.framework in Frameworks */,
				B429BD8F186B0E31002340BB /* CoreMedia.framework in Frameworks */,
				B429BD90186B0E37002340BB /* CoreVideo.framework in Frameworks */,
				B429BD9C186B0FB5002340BB /* CoreTelephony.framework in Frameworks */,
				B429BD8B186B0DFF002340BB /* CFNetwork.framework in Frameworks */,
				B429BD89186B0DF2002340BB /* libxml2.dylib in Frameworks */,
				B429BD94186B0EF5002340BB /* libsqlite3.dylib in Frameworks */,
				B4A6C0C819237E9B0029537B /* PrintIO.framework in Frameworks */,
				B429BD8C186B0E05002340BB /* MessageUI.framework in Frameworks */,
				B429BD91186B0E45002340BB /* MobileCoreServices.framework in Frameworks */,
				B429BD92186B0E4B002340BB /* OpenGLES.framework in Frameworks */,
				B4F5FE091861FAB2000229A0 /* QuartzCore.framework in Frameworks */,
				B429BD93186B0E50002340BB /* Security.framework in Frameworks */,
				B429BD96186B0F2C002340BB /* Social.framework in Frameworks */,
				B429BD8D186B0E0D002340BB /* SystemConfiguration.framework in Frameworks */,
				B429BD98186B0F3F002340BB /* Twitter.framework in Frameworks */,
				B43F19C8185B061000926E70 /* UIKit.framework in Frameworks */,
				B43F19C4185B061000926E70 /* Foundation.framework in Frameworks */,
			);
			runOnlyForDeploymentPostprocessing = 0;
		};
		B43F19DE185B061000926E70 /* Frameworks */ = {
			isa = PBXFrameworksBuildPhase;
			buildActionMask = 2147483647;
			files = (
				B43F19E3185B061000926E70 /* XCTest.framework in Frameworks */,
				B43F19E5185B061000926E70 /* UIKit.framework in Frameworks */,
				B43F19E4185B061000926E70 /* Foundation.framework in Frameworks */,
				B4F5FE0A1861FAC5000229A0 /* QuartzCore.framework in Frameworks */,
				B4F5FE0B1861FAD2000229A0 /* CoreGraphics.framework in Frameworks */,
				B4F5FE0C1861FAE3000229A0 /* libsqlite3.dylib in Frameworks */,
			);
			runOnlyForDeploymentPostprocessing = 0;
		};
/* End PBXFrameworksBuildPhase section */

/* Begin PBXGroup section */
		B41D88A5186D8671005A292A /* Resources */ = {
			isa = PBXGroup;
			children = (
				B4A00DDD188946700068A3F7 /* Customization XML */,
				B4A00DDC188946620068A3F7 /* Custom Fonts */,
				B41CADBB1884186F00A91191 /* icon1.png */,
				B492167F18F2BBA0002D0EB2 /* touch.png */,
				B41CADCE18843AFB00A91191 /* dream.jpg */,
				B41D88AC186D8791005A292A /* thunder.jpg */,
			);
			name = Resources;
			sourceTree = "<group>";
		};
		B43F19B7185B061000926E70 = {
			isa = PBXGroup;
			children = (
				B43F19C9185B061000926E70 /* TestSDKApp */,
				B43F19E8185B061000926E70 /* TestSDKAppTests */,
				B43F19C2185B061000926E70 /* Frameworks */,
				B43F19C1185B061000926E70 /* Products */,
			);
			sourceTree = "<group>";
		};
		B43F19C1185B061000926E70 /* Products */ = {
			isa = PBXGroup;
			children = (
				B43F19C0185B061000926E70 /* PrintIOSDKSample.app */,
				B43F19E1185B061000926E70 /* PrintIOSDKSampleTests.xctest */,
			);
			name = Products;
			sourceTree = "<group>";
		};
		B43F19C2185B061000926E70 /* Frameworks */ = {
			isa = PBXGroup;
			children = (
				B4AAA60418D1A2DB002C2F70 /* PrintIO */,
				B429BD99186B0FA5002340BB /* Accounts.framework */,
				B429BD75186B0D2F002340BB /* AudioToolbox.framework */,
				B429BD73186B0D26002340BB /* AVFoundation.framework */,
				B429BD87186B0DAD002340BB /* CFNetwork.framework */,
				B43F19C5185B061000926E70 /* CoreGraphics.framework */,
				B429BD77186B0D3E002340BB /* CoreMedia.framework */,
				B429BD79186B0D45002340BB /* CoreVideo.framework */,
				B429BD9B186B0FB5002340BB /* CoreTelephony.framework */,
				B48ADEC218E95A5200492F00 /* CoreLocation.framework */,
				B43F19C3185B061000926E70 /* Foundation.framework */,
				B429BD7D186B0D5B002340BB /* MessageUI.framework */,
				B429BD7F186B0D6F002340BB /* MobileCoreServices.framework */,
				B4F5FE051861FA6B000229A0 /* libsqlite3.dylib */,
				B429BD7B186B0D55002340BB /* libxml2.dylib */,
				B4A38A881929EBC60071EBFD /* libz.1.1.3.dylib */,
				B429BD81186B0D75002340BB /* OpenGLES.framework */,
				B4F5FE071861FAA1000229A0 /* QuartzCore.framework */,
				B429BD95186B0F2C002340BB /* Social.framework */,
				B429BD85186B0D87002340BB /* SystemConfiguration.framework */,
				B429BD83186B0D7D002340BB /* Security.framework */,
				B429BD97186B0F3F002340BB /* Twitter.framework */,
				B43F19C7185B061000926E70 /* UIKit.framework */,
				B43F19E2185B061000926E70 /* XCTest.framework */,
			);
			name = Frameworks;
			sourceTree = "<group>";
		};
		B43F19C9185B061000926E70 /* TestSDKApp */ = {
			isa = PBXGroup;
			children = (
				B43F19D2185B061000926E70 /* AppDelegate.h */,
				B43F19D3185B061000926E70 /* AppDelegate.m */,
				B4187AF718E595480081978D /* ViewController.xib */,
				B43F19D8185B061000926E70 /* ViewController.h */,
				B43F19D9185B061000926E70 /* ViewController.m */,
				B460D3BC191BA7DA0067DAAE /* VCVariantsOptions.h */,
				B460D3BD191BA7DA0067DAAE /* VCVariantsOptions.m */,
				B460D3BE191BA7DA0067DAAE /* VCVariantsOptions.xib */,
				B460D3C1191BB0F90067DAAE /* VOHolder.h */,
				B460D3C2191BB0F90067DAAE /* VOHolder.m */,
				B489518C18F59A5400C38041 /* MG.assets */,
				B4C41F781901058F00D6013F /* Photobucket.assets */,
				B43F19DB185B061000926E70 /* Images.xcassets */,
				B43F19CA185B061000926E70 /* Supporting Files */,
				B41D88A5186D8671005A292A /* Resources */,
			);
			path = TestSDKApp;
			sourceTree = "<group>";
		};
		B43F19CA185B061000926E70 /* Supporting Files */ = {
			isa = PBXGroup;
			children = (
				B40FF42F1887DA3F005B09E7 /* TestSDKApp-Info.plist */,
				B43F19CC185B061000926E70 /* InfoPlist.strings */,
				B43F19CF185B061000926E70 /* main.m */,
				B43F19D1185B061000926E70 /* PrintIOSDKSample-Prefix.pch */,
			);
			name = "Supporting Files";
			sourceTree = "<group>";
		};
		B43F19E8185B061000926E70 /* TestSDKAppTests */ = {
			isa = PBXGroup;
			children = (
				B43F19EE185B061000926E70 /* TestSDKAppTests.m */,
				B43F19E9185B061000926E70 /* Supporting Files */,
			);
			path = TestSDKAppTests;
			sourceTree = "<group>";
		};
		B43F19E9185B061000926E70 /* Supporting Files */ = {
			isa = PBXGroup;
			children = (
				B43F19EA185B061000926E70 /* PrintIOSDKSampleTests-Info.plist */,
				B43F19EB185B061000926E70 /* InfoPlist.strings */,
			);
			name = "Supporting Files";
			sourceTree = "<group>";
		};
		B471EF4318FE79D600BE63FB /* Images */ = {
			isa = PBXGroup;
			children = (
				B464E69B190662A80033FB98 /* mg_image_editor_info.png */,
				B4C41FA11901456400D6013F /* mg_camera_small@2x.png */,
				B4C41F9519013B0B00D6013F /* btn_arrange.png */,
				B4C41F9619013B0B00D6013F /* btn_business.png */,
				B4C41F9719013B0B00D6013F /* btn_drag_drop.png */,
				B4C41F9819013B0B00D6013F /* btn_home.png */,
				B4877C0918FFB8EB00F56D33 /* mg_double_tap_balloon.png */,
				B471EF3D18FE6D2200BE63FB /* mg_back_new.png */,
				B4AB667218FD84E600308389 /* mg_add_photos.png */,
				B4AB667018FD83C700308389 /* mg_toolbar_bcg.png */,
				B4AB666E18FD83C200308389 /* mg_icon_question_mark.png */,
				B497202418F7ED330017301F /* mg_cart.png */,
				B471EF3B18FE66FA00BE63FB /* mg_cart_new.png */,
				B489518D18F59A9200C38041 /* mg_camera.png */,
				B471EF4118FE794600BE63FB /* mg_menu.png */,
				B489519B18F5A09000C38041 /* bcg.png */,
				B489518F18F59E7C00C38041 /* btn_products.png */,
				B489519018F59E7C00C38041 /* btn_cart.png */,
				B489519918F59FEA00C38041 /* btn_camera.png */,
				B489519118F59E7C00C38041 /* btn_email_support.png */,
				B489519218F59E7C00C38041 /* btn_info.png */,
			);
			name = Images;
			sourceTree = "<group>";
		};
		B489518C18F59A5400C38041 /* MG.assets */ = {
			isa = PBXGroup;
			children = (
				B464E699190660A00033FB98 /* load.gif */,
				B471EF4518FE7A0900BE63FB /* customization_mg.xml */,
				B471EF4318FE79D600BE63FB /* Images */,
			);
			name = MG.assets;
			sourceTree = "<group>";
		};
		B4A00DDC188946620068A3F7 /* Custom Fonts */ = {
			isa = PBXGroup;
			children = (
				B4A00DF4188948430068A3F7 /* Aubrey */,
				B4A00DEB188948100068A3F7 /* Caviar Dreams */,
				B4A00DE1188947B80068A3F7 /* Steel Fish */,
				B4A00DDE1889478C0068A3F7 /* Times Sans Serif */,
			);
			name = "Custom Fonts";
			sourceTree = "<group>";
		};
		B4A00DDD188946700068A3F7 /* Customization XML */ = {
			isa = PBXGroup;
			children = (
				B410D01318802A0400C20755 /* customization.xml */,
			);
			name = "Customization XML";
			sourceTree = "<group>";
		};
		B4A00DDE1889478C0068A3F7 /* Times Sans Serif */ = {
			isa = PBXGroup;
			children = (
				B4A00DDF188947A50068A3F7 /* timess.ttf */,
			);
			name = "Times Sans Serif";
			sourceTree = "<group>";
		};
		B4A00DE1188947B80068A3F7 /* Steel Fish */ = {
			isa = PBXGroup;
			children = (
				B4A00DE5188947F90068A3F7 /* steelfish rg it.otf */,
				B4A00DE6188947F90068A3F7 /* steelfish_outline.otf */,
				B4A00DE7188947F90068A3F7 /* steelfish_rg.otf */,
			);
			name = "Steel Fish";
			sourceTree = "<group>";
		};
		B4A00DEB188948100068A3F7 /* Caviar Dreams */ = {
			isa = PBXGroup;
			children = (
				B4A00DEC188948370068A3F7 /* CaviarDreams_Bold.ttf */,
				B4A00DED188948370068A3F7 /* CaviarDreams_BoldItalic.ttf */,
				B4A00DEE188948370068A3F7 /* CaviarDreams_Italic.ttf */,
				B4A00DEF188948370068A3F7 /* CaviarDreams.ttf */,
			);
			name = "Caviar Dreams";
			sourceTree = "<group>";
		};
		B4A00DF4188948430068A3F7 /* Aubrey */ = {
			isa = PBXGroup;
			children = (
				B4A00DF5188948570068A3F7 /* aubrey.ttf */,
			);
			name = Aubrey;
			sourceTree = "<group>";
		};
		B4AAA60418D1A2DB002C2F70 /* PrintIO */ = {
			isa = PBXGroup;
			children = (
				B4C42AF81950BFF700F1A902 /* PrintIOBundle.bundle */,
				B4A6C0C719237E9B0029537B /* PrintIO.framework */,
			);
			name = PrintIO;
			sourceTree = "<group>";
		};
		B4C41F781901058F00D6013F /* Photobucket.assets */ = {
			isa = PBXGroup;
			children = (
				B4364CB0190A60B200748812 /* pb_icon_cart_black.png */,
				B4C41F911901124900D6013F /* pb_btn_side_menu_fb_transparent.png */,
				B4C41F921901124900D6013F /* pb_btn_side_menu_instagram_transparent.png */,
				B4C41F8F19010FDE00D6013F /* pb_bcg.png */,
				B4C41F8719010CD500D6013F /* pb_btn_email_support.png */,
				B4C41F8819010CD500D6013F /* pb_btn_camera.png */,
				B4C41F8919010CD500D6013F /* pb_btn_products.png */,
				B4C41F8A19010CD500D6013F /* pb_btn_cart.png */,
				B4C41F8519010C4100D6013F /* pb_btn_info.png */,
				B4C41F791901061F00D6013F /* pb_cart.png */,
				B4C41F7D1901070700D6013F /* pb_back.png */,
				B4564E6E19411478000D3CBC /* pb_menu_a.png */,
				B4C41F7F190109D500D6013F /* pb_menu.png */,
			);
			name = Photobucket.assets;
			sourceTree = "<group>";
		};
/* End PBXGroup section */

/* Begin PBXNativeTarget section */
		B43F19BF185B061000926E70 /* PrintIOSDKSample */ = {
			isa = PBXNativeTarget;
			buildConfigurationList = B43F19F2185B061000926E70 /* Build configuration list for PBXNativeTarget "PrintIOSDKSample" */;
			buildPhases = (
				B43F19BC185B061000926E70 /* Sources */,
				B43F19BD185B061000926E70 /* Frameworks */,
				B43F19BE185B061000926E70 /* Resources */,
			);
			buildRules = (
			);
			dependencies = (
			);
			name = PrintIOSDKSample;
			productName = TestSDKApp;
			productReference = B43F19C0185B061000926E70 /* PrintIOSDKSample.app */;
			productType = "com.apple.product-type.application";
		};
		B43F19E0185B061000926E70 /* PrintIOSDKSampleTests */ = {
			isa = PBXNativeTarget;
			buildConfigurationList = B43F19F5185B061000926E70 /* Build configuration list for PBXNativeTarget "PrintIOSDKSampleTests" */;
			buildPhases = (
				B43F19DD185B061000926E70 /* Sources */,
				B43F19DE185B061000926E70 /* Frameworks */,
				B43F19DF185B061000926E70 /* Resources */,
			);
			buildRules = (
			);
			dependencies = (
				B43F19E7185B061000926E70 /* PBXTargetDependency */,
			);
			name = PrintIOSDKSampleTests;
			productName = TestSDKAppTests;
			productReference = B43F19E1185B061000926E70 /* PrintIOSDKSampleTests.xctest */;
			productType = "com.apple.product-type.bundle.unit-test";
		};
/* End PBXNativeTarget section */

/* Begin PBXProject section */
		B43F19B8185B061000926E70 /* Project object */ = {
			isa = PBXProject;
			attributes = {
				LastUpgradeCheck = 0500;
				ORGANIZATIONNAME = TestSDKApp;
				TargetAttributes = {
					B43F19BF185B061000926E70 = {
						DevelopmentTeam = 2P3NBV4C2R;
					};
				};
			};
			buildConfigurationList = B43F19BB185B061000926E70 /* Build configuration list for PBXProject "PrintIOSDKSample" */;
			compatibilityVersion = "Xcode 3.2";
			developmentRegion = English;
			hasScannedForEncodings = 0;
			knownRegions = (
				en,
				Base,
			);
			mainGroup = B43F19B7185B061000926E70;
			productRefGroup = B43F19C1185B061000926E70 /* Products */;
			projectDirPath = "";
			projectRoot = "";
			targets = (
				B43F19BF185B061000926E70 /* PrintIOSDKSample */,
				B43F19E0185B061000926E70 /* PrintIOSDKSampleTests */,
			);
		};
/* End PBXProject section */

/* Begin PBXResourcesBuildPhase section */
		B43F19BE185B061000926E70 /* Resources */ = {
			isa = PBXResourcesBuildPhase;
			buildActionMask = 2147483647;
			files = (
				B41CADBC1884186F00A91191 /* icon1.png in Resources */,
				B41CADCF18843AFB00A91191 /* dream.jpg in Resources */,
				B489519518F59E7C00C38041 /* btn_cart.png in Resources */,
				B4C41F8B19010CD500D6013F /* pb_btn_email_support.png in Resources */,
				B4C41FA21901456400D6013F /* mg_camera_small@2x.png in Resources */,
				B4C41F8D19010CD500D6013F /* pb_btn_products.png in Resources */,
				B4A00DF3188948370068A3F7 /* CaviarDreams.ttf in Resources */,
				B4564E6F19411478000D3CBC /* pb_menu_a.png in Resources */,
				B4C41F9019010FDE00D6013F /* pb_bcg.png in Resources */,
				B4C41F9919013B0B00D6013F /* btn_arrange.png in Resources */,
				B4A00DE0188947A50068A3F7 /* timess.ttf in Resources */,
				B4C41F9B19013B0B00D6013F /* btn_drag_drop.png in Resources */,
				B489518E18F59A9200C38041 /* mg_camera.png in Resources */,
				B471EF4218FE794600BE63FB /* mg_menu.png in Resources */,
				B4C41F8E19010CD500D6013F /* pb_btn_cart.png in Resources */,
				B489519C18F5A09000C38041 /* bcg.png in Resources */,
				B489519718F59E7C00C38041 /* btn_info.png in Resources */,
				B4C41F9C19013B0B00D6013F /* btn_home.png in Resources */,
				B4C41F941901124900D6013F /* pb_btn_side_menu_instagram_transparent.png in Resources */,
				B4AB666F18FD83C200308389 /* mg_icon_question_mark.png in Resources */,
				B471EF3C18FE66FA00BE63FB /* mg_cart_new.png in Resources */,
				B4A00DEA188947F90068A3F7 /* steelfish_rg.otf in Resources */,
				B4364CB1190A60B200748812 /* pb_icon_cart_black.png in Resources */,
				B4AB667118FD83C700308389 /* mg_toolbar_bcg.png in Resources */,
				B410D01418802A0400C20755 /* customization.xml in Resources */,
				B497202518F7ED330017301F /* mg_cart.png in Resources */,
				B471EF3E18FE6D2200BE63FB /* mg_back_new.png in Resources */,
				B464E69C190662A80033FB98 /* mg_image_editor_info.png in Resources */,
				B4A00DF6188948570068A3F7 /* aubrey.ttf in Resources */,
				B4C41F8C19010CD500D6013F /* pb_btn_camera.png in Resources */,
				B41D88AD186D8791005A292A /* thunder.jpg in Resources */,
				B4A00DF1188948370068A3F7 /* CaviarDreams_BoldItalic.ttf in Resources */,
				B4A00DE8188947F90068A3F7 /* steelfish rg it.otf in Resources */,
				B4C41F8619010C4100D6013F /* pb_btn_info.png in Resources */,
				B471EF4618FE7A0900BE63FB /* customization_mg.xml in Resources */,
				B4187AF818E595480081978D /* ViewController.xib in Resources */,
				B4A00DF2188948370068A3F7 /* CaviarDreams_Italic.ttf in Resources */,
				B460D3C0191BA7DA0067DAAE /* VCVariantsOptions.xib in Resources */,
				B489519418F59E7C00C38041 /* btn_products.png in Resources */,
				B4C41F7A1901061F00D6013F /* pb_cart.png in Resources */,
				B464E69A190660A00033FB98 /* load.gif in Resources */,
				B4C41F80190109D500D6013F /* pb_menu.png in Resources */,
				B4A00DF0188948370068A3F7 /* CaviarDreams_Bold.ttf in Resources */,
				B4877C0A18FFB8EB00F56D33 /* mg_double_tap_balloon.png in Resources */,
				B4C41F7E1901070700D6013F /* pb_back.png in Resources */,
				B4C42AF91950BFF700F1A902 /* PrintIOBundle.bundle in Resources */,
				B489519618F59E7C00C38041 /* btn_email_support.png in Resources */,
				B43F19DC185B061000926E70 /* Images.xcassets in Resources */,
				B43F19CE185B061000926E70 /* InfoPlist.strings in Resources */,
				B4C41F931901124900D6013F /* pb_btn_side_menu_fb_transparent.png in Resources */,
				B4A00DE9188947F90068A3F7 /* steelfish_outline.otf in Resources */,
				B489519A18F59FEA00C38041 /* btn_camera.png in Resources */,
				B4AB667318FD84E600308389 /* mg_add_photos.png in Resources */,
				B492168018F2BBA0002D0EB2 /* touch.png in Resources */,
				B4C41F9A19013B0B00D6013F /* btn_business.png in Resources */,
			);
			runOnlyForDeploymentPostprocessing = 0;
		};
		B43F19DF185B061000926E70 /* Resources */ = {
			isa = PBXResourcesBuildPhase;
			buildActionMask = 2147483647;
			files = (
				B43F19ED185B061000926E70 /* InfoPlist.strings in Resources */,
			);
			runOnlyForDeploymentPostprocessing = 0;
		};
/* End PBXResourcesBuildPhase section */

/* Begin PBXSourcesBuildPhase section */
		B43F19BC185B061000926E70 /* Sources */ = {
			isa = PBXSourcesBuildPhase;
			buildActionMask = 2147483647;
			files = (
				B43F19DA185B061000926E70 /* ViewController.m in Sources */,
				B43F19D4185B061000926E70 /* AppDelegate.m in Sources */,
				B43F19D0185B061000926E70 /* main.m in Sources */,
				B460D3BF191BA7DA0067DAAE /* VCVariantsOptions.m in Sources */,
				B460D3C3191BB0F90067DAAE /* VOHolder.m in Sources */,
			);
			runOnlyForDeploymentPostprocessing = 0;
		};
		B43F19DD185B061000926E70 /* Sources */ = {
			isa = PBXSourcesBuildPhase;
			buildActionMask = 2147483647;
			files = (
				B43F19EF185B061000926E70 /* TestSDKAppTests.m in Sources */,
			);
			runOnlyForDeploymentPostprocessing = 0;
		};
/* End PBXSourcesBuildPhase section */

/* Begin PBXTargetDependency section */
		B43F19E7185B061000926E70 /* PBXTargetDependency */ = {
			isa = PBXTargetDependency;
			target = B43F19BF185B061000926E70 /* PrintIOSDKSample */;
			targetProxy = B43F19E6185B061000926E70 /* PBXContainerItemProxy */;
		};
/* End PBXTargetDependency section */

/* Begin PBXVariantGroup section */
		B43F19CC185B061000926E70 /* InfoPlist.strings */ = {
			isa = PBXVariantGroup;
			children = (
				B43F19CD185B061000926E70 /* en */,
			);
			name = InfoPlist.strings;
			sourceTree = "<group>";
		};
		B43F19EB185B061000926E70 /* InfoPlist.strings */ = {
			isa = PBXVariantGroup;
			children = (
				B43F19EC185B061000926E70 /* en */,
			);
			name = InfoPlist.strings;
			sourceTree = "<group>";
		};
/* End PBXVariantGroup section */

/* Begin XCBuildConfiguration section */
		B43F19F0185B061000926E70 /* Debug */ = {
			isa = XCBuildConfiguration;
			buildSettings = {
				ALWAYS_SEARCH_USER_PATHS = NO;
				ARCHS = "$(ARCHS_STANDARD_32_BIT)";
				CLANG_CXX_LANGUAGE_STANDARD = "gnu++0x";
				CLANG_CXX_LIBRARY = "libc++";
				CLANG_ENABLE_MODULES = YES;
				CLANG_ENABLE_OBJC_ARC = YES;
				CLANG_WARN_BOOL_CONVERSION = YES;
				CLANG_WARN_CONSTANT_CONVERSION = YES;
				CLANG_WARN_DIRECT_OBJC_ISA_USAGE = YES_ERROR;
				CLANG_WARN_EMPTY_BODY = YES;
				CLANG_WARN_ENUM_CONVERSION = YES;
				CLANG_WARN_INT_CONVERSION = YES;
				CLANG_WARN_OBJC_ROOT_CLASS = YES_ERROR;
				CLANG_WARN__DUPLICATE_METHOD_MATCH = YES;
				CODE_SIGN_IDENTITY = "iPhone Developer: Austen Bernstein (5AM3ZDHA7T)";
				"CODE_SIGN_IDENTITY[sdk=iphoneos*]" = "iPhone Developer: Austen Bernstein (5AM3ZDHA7T)";
				COPY_PHASE_STRIP = NO;
				GCC_C_LANGUAGE_STANDARD = gnu99;
				GCC_DYNAMIC_NO_PIC = NO;
				GCC_OPTIMIZATION_LEVEL = 0;
				GCC_PREPROCESSOR_DEFINITIONS = (
					"DEBUG=1",
					"$(inherited)",
				);
				GCC_SYMBOLS_PRIVATE_EXTERN = NO;
				GCC_WARN_64_TO_32_BIT_CONVERSION = YES;
				GCC_WARN_ABOUT_RETURN_TYPE = YES_ERROR;
				GCC_WARN_UNDECLARED_SELECTOR = YES;
				GCC_WARN_UNINITIALIZED_AUTOS = YES;
				GCC_WARN_UNUSED_FUNCTION = YES;
				GCC_WARN_UNUSED_VARIABLE = YES;
				IPHONEOS_DEPLOYMENT_TARGET = 6.1;
				ONLY_ACTIVE_ARCH = NO;
				PROVISIONING_PROFILE = "98811753-3C5B-4A41-B66E-2B855754B9B1";
				SDKROOT = iphoneos;
				VALID_ARCHS = "armv7 arm64 armv7s";
			};
			name = Debug;
		};
		B43F19F1185B061000926E70 /* Release */ = {
			isa = XCBuildConfiguration;
			buildSettings = {
				ALWAYS_SEARCH_USER_PATHS = NO;
				ARCHS = "$(ARCHS_STANDARD_32_BIT)";
				CLANG_CXX_LANGUAGE_STANDARD = "gnu++0x";
				CLANG_CXX_LIBRARY = "libc++";
				CLANG_ENABLE_MODULES = YES;
				CLANG_ENABLE_OBJC_ARC = YES;
				CLANG_WARN_BOOL_CONVERSION = YES;
				CLANG_WARN_CONSTANT_CONVERSION = YES;
				CLANG_WARN_DIRECT_OBJC_ISA_USAGE = YES_ERROR;
				CLANG_WARN_EMPTY_BODY = YES;
				CLANG_WARN_ENUM_CONVERSION = YES;
				CLANG_WARN_INT_CONVERSION = YES;
				CLANG_WARN_OBJC_ROOT_CLASS = YES_ERROR;
				CLANG_WARN__DUPLICATE_METHOD_MATCH = YES;
				CODE_SIGN_IDENTITY = "iPhone Developer: Austen Bernstein (5AM3ZDHA7T)";
				"CODE_SIGN_IDENTITY[sdk=iphoneos*]" = "iPhone Developer: Austen Bernstein (5AM3ZDHA7T)";
				COPY_PHASE_STRIP = YES;
				ENABLE_NS_ASSERTIONS = NO;
				GCC_C_LANGUAGE_STANDARD = gnu99;
				GCC_WARN_64_TO_32_BIT_CONVERSION = YES;
				GCC_WARN_ABOUT_RETURN_TYPE = YES_ERROR;
				GCC_WARN_UNDECLARED_SELECTOR = YES;
				GCC_WARN_UNINITIALIZED_AUTOS = YES;
				GCC_WARN_UNUSED_FUNCTION = YES;
				GCC_WARN_UNUSED_VARIABLE = YES;
				IPHONEOS_DEPLOYMENT_TARGET = 6.1;
				ONLY_ACTIVE_ARCH = NO;
				PROVISIONING_PROFILE = "98811753-3C5B-4A41-B66E-2B855754B9B1";
				SDKROOT = iphoneos;
				VALIDATE_PRODUCT = YES;
				VALID_ARCHS = "armv7 arm64 armv7s";
			};
			name = Release;
		};
		B43F19F3185B061000926E70 /* Debug */ = {
			isa = XCBuildConfiguration;
			buildSettings = {
				ARCHS = "$(ARCHS_STANDARD_32_BIT)";
				ASSETCATALOG_COMPILER_APPICON_NAME = AppIcon;
				ASSETCATALOG_COMPILER_LAUNCHIMAGE_NAME = LaunchImage;
				CODE_SIGN_IDENTITY = "iPhone Developer";
				"CODE_SIGN_IDENTITY[sdk=iphoneos*]" = "iPhone Developer";
				FRAMEWORK_SEARCH_PATHS = (
					"$(inherited)",
					"/Users/tengai/Desktop/app-printmee.ios/TestSDKApp",
					"/Users/aleksandargrubin/Desktop/SharedFolder/app-printmee.ios/TestSDKApp",
					"/Users/aleksandargrubin/Desktop/app-printmee.ios/TestSDKApp",
					"/Users/tengai/Desktop/app-printmee.ios/TestSDKApp/UninstalledProducts",
					"/Users/tengai/Desktop/GIT_HELLO_PICS/printio-ios-example",
					/Users/tengai/Desktop,
					"$(USER_LIBRARY_DIR)/Developer/Xcode/DerivedData/PrintIO-darhkiabtmimuifpjhkowuevktyn/Build/Intermediates/ArchiveIntermediates/PrintIO_App/IntermediateBuildFilesPath/UninstalledProducts",
					"$(USER_LIBRARY_DIR)/Developer/Xcode/DerivedData/PrintIO-darhkiabtmimuifpjhkowuevktyn/Build/Intermediates/ArchiveIntermediates/PrintIO/IntermediateBuildFilesPath/UninstalledProducts",
					"$(USER_LIBRARY_DIR)/Developer/Xcode/DerivedData/PrintIO-darhkiabtmimuifpjhkowuevktyn/Build/Intermediates/ArchiveIntermediates/PrintIOApp/IntermediateBuildFilesPath/UninstalledProducts",
					"$(PROJECT_DIR)",
					"$(USER_LIBRARY_DIR)/Developer/Xcode/DerivedData/PrintIO-ecbrmppodoufoeaxvwzjoqibfidt/Build/Intermediates/ArchiveIntermediates/PrintIO/IntermediateBuildFilesPath/UninstalledProducts",
					"$(USER_LIBRARY_DIR)/Developer/Xcode/DerivedData/PrintIO-elstajyiekgquyglzsjuocsjiadk/Build/Intermediates/ArchiveIntermediates/PrintIO/IntermediateBuildFilesPath/UninstalledProducts",
				);
				GCC_PRECOMPILE_PREFIX_HEADER = YES;
				GCC_PREFIX_HEADER = "TestSDKApp/PrintIOSDKSample-Prefix.pch";
				INFOPLIST_FILE = "TestSDKApp/TestSDKApp-Info.plist";
				IPHONEOS_DEPLOYMENT_TARGET = 6.1;
				ONLY_ACTIVE_ARCH = NO;
				"OTHER_LDFLAGS[arch=*]" = (
					"-ObjC",
					"-lstdc++",
					"-lc++",
				);
				PRODUCT_NAME = PrintIOSDKSample;
				PROVISIONING_PROFILE = "";
				VALID_ARCHS = "armv7 arm64 armv7s";
				WRAPPER_EXTENSION = app;
			};
			name = Debug;
		};
		B43F19F4185B061000926E70 /* Release */ = {
			isa = XCBuildConfiguration;
			buildSettings = {
				ARCHS = "$(ARCHS_STANDARD_32_BIT)";
				ASSETCATALOG_COMPILER_APPICON_NAME = AppIcon;
				ASSETCATALOG_COMPILER_LAUNCHIMAGE_NAME = LaunchImage;
				CODE_SIGN_IDENTITY = "iPhone Developer";
				"CODE_SIGN_IDENTITY[sdk=iphoneos*]" = "iPhone Developer";
				FRAMEWORK_SEARCH_PATHS = (
					"$(inherited)",
					"/Users/tengai/Desktop/app-printmee.ios/TestSDKApp",
					"/Users/aleksandargrubin/Desktop/SharedFolder/app-printmee.ios/TestSDKApp",
					"/Users/aleksandargrubin/Desktop/app-printmee.ios/TestSDKApp",
					"/Users/tengai/Desktop/app-printmee.ios/TestSDKApp/UninstalledProducts",
					"/Users/tengai/Desktop/GIT_HELLO_PICS/printio-ios-example",
					/Users/tengai/Desktop,
					"$(USER_LIBRARY_DIR)/Developer/Xcode/DerivedData/PrintIO-darhkiabtmimuifpjhkowuevktyn/Build/Intermediates/ArchiveIntermediates/PrintIO_App/IntermediateBuildFilesPath/UninstalledProducts",
					"$(USER_LIBRARY_DIR)/Developer/Xcode/DerivedData/PrintIO-darhkiabtmimuifpjhkowuevktyn/Build/Intermediates/ArchiveIntermediates/PrintIO/IntermediateBuildFilesPath/UninstalledProducts",
					"$(USER_LIBRARY_DIR)/Developer/Xcode/DerivedData/PrintIO-darhkiabtmimuifpjhkowuevktyn/Build/Intermediates/ArchiveIntermediates/PrintIOApp/IntermediateBuildFilesPath/UninstalledProducts",
					"$(PROJECT_DIR)",
					"$(USER_LIBRARY_DIR)/Developer/Xcode/DerivedData/PrintIO-ecbrmppodoufoeaxvwzjoqibfidt/Build/Intermediates/ArchiveIntermediates/PrintIO/IntermediateBuildFilesPath/UninstalledProducts",
					"$(USER_LIBRARY_DIR)/Developer/Xcode/DerivedData/PrintIO-elstajyiekgquyglzsjuocsjiadk/Build/Intermediates/ArchiveIntermediates/PrintIO/IntermediateBuildFilesPath/UninstalledProducts",
				);
				GCC_PRECOMPILE_PREFIX_HEADER = YES;
				GCC_PREFIX_HEADER = "TestSDKApp/PrintIOSDKSample-Prefix.pch";
				INFOPLIST_FILE = "TestSDKApp/TestSDKApp-Info.plist";
				IPHONEOS_DEPLOYMENT_TARGET = 6.1;
				ONLY_ACTIVE_ARCH = NO;
				"OTHER_LDFLAGS[arch=*]" = (
					"-ObjC",
					"-lstdc++",
					"-lc++",
				);
				PRODUCT_NAME = PrintIOSDKSample;
				PROVISIONING_PROFILE = "";
				VALID_ARCHS = "armv7 arm64 armv7s";
				WRAPPER_EXTENSION = app;
			};
			name = Release;
		};
		B43F19F6185B061000926E70 /* Debug */ = {
			isa = XCBuildConfiguration;
			buildSettings = {
				ARCHS = "$(ARCHS_STANDARD)";
				FRAMEWORK_SEARCH_PATHS = (
					"$(SDKROOT)/Developer/Library/Frameworks",
					"$(inherited)",
					"$(DEVELOPER_FRAMEWORKS_DIR)",
					"/Users/tengai/Desktop/app-printmee.ios/TestSDKApp",
				);
				GCC_PRECOMPILE_PREFIX_HEADER = YES;
				GCC_PREFIX_HEADER = "TestSDKApp/TestSDKApp-Prefix.pch";
				GCC_PREPROCESSOR_DEFINITIONS = (
					"DEBUG=1",
					"$(inherited)",
				);
				INFOPLIST_FILE = "TestSDKAppTests/PrintIOSDKSampleTests-Info.plist";
				PRODUCT_NAME = PrintIOSDKSampleTests;
				WRAPPER_EXTENSION = xctest;
			};
			name = Debug;
		};
		B43F19F7185B061000926E70 /* Release */ = {
			isa = XCBuildConfiguration;
			buildSettings = {
				ARCHS = "$(ARCHS_STANDARD)";
				FRAMEWORK_SEARCH_PATHS = (
					"$(SDKROOT)/Developer/Library/Frameworks",
					"$(inherited)",
					"$(DEVELOPER_FRAMEWORKS_DIR)",
					"/Users/tengai/Desktop/app-printmee.ios/TestSDKApp",
				);
				GCC_PRECOMPILE_PREFIX_HEADER = YES;
				GCC_PREFIX_HEADER = "TestSDKApp/TestSDKApp-Prefix.pch";
				INFOPLIST_FILE = "TestSDKAppTests/PrintIOSDKSampleTests-Info.plist";
				PRODUCT_NAME = PrintIOSDKSampleTests;
				WRAPPER_EXTENSION = xctest;
			};
			name = Release;
		};
/* End XCBuildConfiguration section */

/* Begin XCConfigurationList section */
		B43F19BB185B061000926E70 /* Build configuration list for PBXProject "PrintIOSDKSample" */ = {
			isa = XCConfigurationList;
			buildConfigurations = (
				B43F19F0185B061000926E70 /* Debug */,
				B43F19F1185B061000926E70 /* Release */,
			);
			defaultConfigurationIsVisible = 0;
			defaultConfigurationName = Release;
		};
		B43F19F2185B061000926E70 /* Build configuration list for PBXNativeTarget "PrintIOSDKSample" */ = {
			isa = XCConfigurationList;
			buildConfigurations = (
				B43F19F3185B061000926E70 /* Debug */,
				B43F19F4185B061000926E70 /* Release */,
			);
			defaultConfigurationIsVisible = 0;
			defaultConfigurationName = Release;
		};
		B43F19F5185B061000926E70 /* Build configuration list for PBXNativeTarget "PrintIOSDKSampleTests" */ = {
			isa = XCConfigurationList;
			buildConfigurations = (
				B43F19F6185B061000926E70 /* Debug */,
				B43F19F7185B061000926E70 /* Release */,
			);
			defaultConfigurationIsVisible = 0;
			defaultConfigurationName = Release;
		};
/* End XCConfigurationList section */
	};
	rootObject = B43F19B8185B061000926E70 /* Project object */;
}
